// !$*UTF8*$!
{
	archiveVersion = 1;
	classes = {
	};
	objectVersion = 55;
	objects = {

/* Begin PBXBuildFile section */
		86734531B895A4421C13F849 /* Pods_Login_Naver_Example.framework in Frameworks */ = {isa = PBXBuildFile; fileRef = AAC21FC37BF42C61168BF992 /* Pods_Login_Naver_Example.framework */; };
		D227EFFA272BA2790041D7F8 /* HomeViewController.swift in Sources */ = {isa = PBXBuildFile; fileRef = D227EFF9272BA2790041D7F8 /* HomeViewController.swift */; };
		D2589C5E272ABA6A00E85637 /* AppDelegate.swift in Sources */ = {isa = PBXBuildFile; fileRef = D2589C5D272ABA6A00E85637 /* AppDelegate.swift */; };
		D2589C60272ABA6A00E85637 /* SceneDelegate.swift in Sources */ = {isa = PBXBuildFile; fileRef = D2589C5F272ABA6A00E85637 /* SceneDelegate.swift */; };
		D2589C62272ABA6A00E85637 /* ViewController.swift in Sources */ = {isa = PBXBuildFile; fileRef = D2589C61272ABA6A00E85637 /* ViewController.swift */; };
		D2589C65272ABA6A00E85637 /* Main.storyboard in Resources */ = {isa = PBXBuildFile; fileRef = D2589C63272ABA6A00E85637 /* Main.storyboard */; };
		D2589C67272ABA6B00E85637 /* Assets.xcassets in Resources */ = {isa = PBXBuildFile; fileRef = D2589C66272ABA6B00E85637 /* Assets.xcassets */; };
		D2589C6A272ABA6B00E85637 /* LaunchScreen.storyboard in Resources */ = {isa = PBXBuildFile; fileRef = D2589C68272ABA6B00E85637 /* LaunchScreen.storyboard */; };
/* End PBXBuildFile section */

/* Begin PBXFileReference section */
		25455A298781BF642E0123B9 /* Pods-Login_Naver_Example.debug.xcconfig */ = {isa = PBXFileReference; includeInIndex = 1; lastKnownFileType = text.xcconfig; name = "Pods-Login_Naver_Example.debug.xcconfig"; path = "Target Support Files/Pods-Login_Naver_Example/Pods-Login_Naver_Example.debug.xcconfig"; sourceTree = "<group>"; };
		AAC21FC37BF42C61168BF992 /* Pods_Login_Naver_Example.framework */ = {isa = PBXFileReference; explicitFileType = wrapper.framework; includeInIndex = 0; path = Pods_Login_Naver_Example.framework; sourceTree = BUILT_PRODUCTS_DIR; };
		D227EFF9272BA2790041D7F8 /* HomeViewController.swift */ = {isa = PBXFileReference; lastKnownFileType = sourcecode.swift; path = HomeViewController.swift; sourceTree = "<group>"; };
		D2589C5A272ABA6A00E85637 /* Login_Naver_Example.app */ = {isa = PBXFileReference; explicitFileType = wrapper.application; includeInIndex = 0; path = Login_Naver_Example.app; sourceTree = BUILT_PRODUCTS_DIR; };
		D2589C5D272ABA6A00E85637 /* AppDelegate.swift */ = {isa = PBXFileReference; lastKnownFileType = sourcecode.swift; path = AppDelegate.swift; sourceTree = "<group>"; };
		D2589C5F272ABA6A00E85637 /* SceneDelegate.swift */ = {isa = PBXFileReference; lastKnownFileType = sourcecode.swift; path = SceneDelegate.swift; sourceTree = "<group>"; };
		D2589C61272ABA6A00E85637 /* ViewController.swift */ = {isa = PBXFileReference; lastKnownFileType = sourcecode.swift; path = ViewController.swift; sourceTree = "<group>"; };
		D2589C64272ABA6A00E85637 /* Base */ = {isa = PBXFileReference; lastKnownFileType = file.storyboard; name = Base; path = Base.lproj/Main.storyboard; sourceTree = "<group>"; };
		D2589C66272ABA6B00E85637 /* Assets.xcassets */ = {isa = PBXFileReference; lastKnownFileType = folder.assetcatalog; path = Assets.xcassets; sourceTree = "<group>"; };
		D2589C69272ABA6B00E85637 /* Base */ = {isa = PBXFileReference; lastKnownFileType = file.storyboard; name = Base; path = Base.lproj/LaunchScreen.storyboard; sourceTree = "<group>"; };
		D2589C6B272ABA6B00E85637 /* Info.plist */ = {isa = PBXFileReference; lastKnownFileType = text.plist.xml; path = Info.plist; sourceTree = "<group>"; };
		EFEBEAC0E74787192E6323D5 /* Pods-Login_Naver_Example.release.xcconfig */ = {isa = PBXFileReference; includeInIndex = 1; lastKnownFileType = text.xcconfig; name = "Pods-Login_Naver_Example.release.xcconfig"; path = "Target Support Files/Pods-Login_Naver_Example/Pods-Login_Naver_Example.release.xcconfig"; sourceTree = "<group>"; };
/* End PBXFileReference section */

/* Begin PBXFrameworksBuildPhase section */
		D2589C57272ABA6A00E85637 /* Frameworks */ = {
			isa = PBXFrameworksBuildPhase;
			buildActionMask = 2147483647;
			files = (
				86734531B895A4421C13F849 /* Pods_Login_Naver_Example.framework in Frameworks */,
			);
			runOnlyForDeploymentPostprocessing = 0;
		};
/* End PBXFrameworksBuildPhase section */

/* Begin PBXGroup section */
		6E74F25D260AB66623C81A74 /* Frameworks */ = {
			isa = PBXGroup;
			children = (
				AAC21FC37BF42C61168BF992 /* Pods_Login_Naver_Example.framework */,
			);
			name = Frameworks;
			sourceTree = "<group>";
		};
		8B6BAB5B2086CF3DE14B60A4 /* Pods */ = {
			isa = PBXGroup;
			children = (
				25455A298781BF642E0123B9 /* Pods-Login_Naver_Example.debug.xcconfig */,
				EFEBEAC0E74787192E6323D5 /* Pods-Login_Naver_Example.release.xcconfig */,
			);
			path = Pods;
			sourceTree = "<group>";
		};
		D2589C51272ABA6A00E85637 = {
			isa = PBXGroup;
			children = (
				D2589C5C272ABA6A00E85637 /* Login_Naver_Example */,
				D2589C5B272ABA6A00E85637 /* Products */,
				8B6BAB5B2086CF3DE14B60A4 /* Pods */,
				6E74F25D260AB66623C81A74 /* Frameworks */,
			);
			sourceTree = "<group>";
		};
		D2589C5B272ABA6A00E85637 /* Products */ = {
			isa = PBXGroup;
			children = (
				D2589C5A272ABA6A00E85637 /* Login_Naver_Example.app */,
			);
			name = Products;
			sourceTree = "<group>";
		};
		D2589C5C272ABA6A00E85637 /* Login_Naver_Example */ = {
			isa = PBXGroup;
			children = (
				D2589C5D272ABA6A00E85637 /* AppDelegate.swift */,
				D2589C5F272ABA6A00E85637 /* SceneDelegate.swift */,
				D2589C61272ABA6A00E85637 /* ViewController.swift */,
				D227EFF9272BA2790041D7F8 /* HomeViewController.swift */,
				D2589C63272ABA6A00E85637 /* Main.storyboard */,
				D2589C66272ABA6B00E85637 /* Assets.xcassets */,
				D2589C68272ABA6B00E85637 /* LaunchScreen.storyboard */,
				D2589C6B272ABA6B00E85637 /* Info.plist */,
			);
			path = Login_Naver_Example;
			sourceTree = "<group>";
		};
/* End PBXGroup section */

/* Begin PBXNativeTarget section */
		D2589C59272ABA6A00E85637 /* Login_Naver_Example */ = {
			isa = PBXNativeTarget;
			buildConfigurationList = D2589C6E272ABA6B00E85637 /* Build configuration list for PBXNativeTarget "Login_Naver_Example" */;
			buildPhases = (
				E1912C7B25FC746EDF33169D /* [CP] Check Pods Manifest.lock */,
				D2589C56272ABA6A00E85637 /* Sources */,
				D2589C57272ABA6A00E85637 /* Frameworks */,
				D2589C58272ABA6A00E85637 /* Resources */,
				B8EA16916806F59EECC659CA /* [CP] Embed Pods Frameworks */,
			);
			buildRules = (
			);
			dependencies = (
			);
			name = Login_Naver_Example;
			productName = Login_Naver_Example;
			productReference = D2589C5A272ABA6A00E85637 /* Login_Naver_Example.app */;
			productType = "com.apple.product-type.application";
		};
/* End PBXNativeTarget section */

/* Begin PBXProject section */
		D2589C52272ABA6A00E85637 /* Project object */ = {
			isa = PBXProject;
			attributes = {
				BuildIndependentTargetsInParallel = 1;
				LastSwiftUpdateCheck = 1310;
				LastUpgradeCheck = 1310;
				TargetAttributes = {
					D2589C59272ABA6A00E85637 = {
						CreatedOnToolsVersion = 13.1;
					};
				};
			};
			buildConfigurationList = D2589C55272ABA6A00E85637 /* Build configuration list for PBXProject "Login_Naver_Example" */;
			compatibilityVersion = "Xcode 13.0";
			developmentRegion = en;
			hasScannedForEncodings = 0;
			knownRegions = (
				en,
				Base,
			);
			mainGroup = D2589C51272ABA6A00E85637;
			productRefGroup = D2589C5B272ABA6A00E85637 /* Products */;
			projectDirPath = "";
			projectRoot = "";
			targets = (
				D2589C59272ABA6A00E85637 /* Login_Naver_Example */,
			);
		};
/* End PBXProject section */

/* Begin PBXResourcesBuildPhase section */
		D2589C58272ABA6A00E85637 /* Resources */ = {
			isa = PBXResourcesBuildPhase;
			buildActionMask = 2147483647;
			files = (
				D2589C6A272ABA6B00E85637 /* LaunchScreen.storyboard in Resources */,
				D2589C67272ABA6B00E85637 /* Assets.xcassets in Resources */,
				D2589C65272ABA6A00E85637 /* Main.storyboard in Resources */,
			);
			runOnlyForDeploymentPostprocessing = 0;
		};
/* End PBXResourcesBuildPhase section */

/* Begin PBXShellScriptBuildPhase section */
		B8EA16916806F59EECC659CA /* [CP] Embed Pods Frameworks */ = {
			isa = PBXShellScriptBuildPhase;
			buildActionMask = 2147483647;
			files = (
			);
			inputFileListPaths = (
				"${PODS_ROOT}/Target Support Files/Pods-Login_Naver_Example/Pods-Login_Naver_Example-frameworks-${CONFIGURATION}-input-files.xcfilelist",
			);
			name = "[CP] Embed Pods Frameworks";
			outputFileListPaths = (
				"${PODS_ROOT}/Target Support Files/Pods-Login_Naver_Example/Pods-Login_Naver_Example-frameworks-${CONFIGURATION}-output-files.xcfilelist",
			);
			runOnlyForDeploymentPostprocessing = 0;
			shellPath = /bin/sh;
			shellScript = "\"${PODS_ROOT}/Target Support Files/Pods-Login_Naver_Example/Pods-Login_Naver_Example-frameworks.sh\"\n";
			showEnvVarsInLog = 0;
		};
		E1912C7B25FC746EDF33169D /* [CP] Check Pods Manifest.lock */ = {
			isa = PBXShellScriptBuildPhase;
			buildActionMask = 2147483647;
			files = (
			);
			inputFileListPaths = (
			);
			inputPaths = (
				"${PODS_PODFILE_DIR_PATH}/Podfile.lock",
				"${PODS_ROOT}/Manifest.lock",
			);
			name = "[CP] Check Pods Manifest.lock";
			outputFileListPaths = (
			);
			outputPaths = (
				"$(DERIVED_FILE_DIR)/Pods-Login_Naver_Example-checkManifestLockResult.txt",
			);
			runOnlyForDeploymentPostprocessing = 0;
			shellPath = /bin/sh;
			shellScript = "diff \"${PODS_PODFILE_DIR_PATH}/Podfile.lock\" \"${PODS_ROOT}/Manifest.lock\" > /dev/null\nif [ $? != 0 ] ; then\n    # print error to STDERR\n    echo \"error: The sandbox is not in sync with the Podfile.lock. Run 'pod install' or update your CocoaPods installation.\" >&2\n    exit 1\nfi\n# This output is used by Xcode 'outputs' to avoid re-running this script phase.\necho \"SUCCESS\" > \"${SCRIPT_OUTPUT_FILE_0}\"\n";
			showEnvVarsInLog = 0;
		};
/* End PBXShellScriptBuildPhase section */

/* Begin PBXSourcesBuildPhase section */
		D2589C56272ABA6A00E85637 /* Sources */ = {
			isa = PBXSourcesBuildPhase;
			buildActionMask = 2147483647;
			files = (
				D2589C62272ABA6A00E85637 /* ViewController.swift in Sources */,
				D2589C5E272ABA6A00E85637 /* AppDelegate.swift in Sources */,
				D2589C60272ABA6A00E85637 /* SceneDelegate.swift in Sources */,
				D227EFFA272BA2790041D7F8 /* HomeViewController.swift in Sources */,
			);
			runOnlyForDeploymentPostprocessing = 0;
		};
/* End PBXSourcesBuildPhase section */

/* Begin PBXVariantGroup section */
		D2589C63272ABA6A00E85637 /* Main.storyboard */ = {
			isa = PBXVariantGroup;
			children = (
				D2589C64272ABA6A00E85637 /* Base */,
			);
			name = Main.storyboard;
			sourceTree = "<group>";
		};
		D2589C68272ABA6B00E85637 /* LaunchScreen.storyboard */ = {
			isa = PBXVariantGroup;
			children = (
				D2589C69272ABA6B00E85637 /* Base */,
			);
			name = LaunchScreen.storyboard;
			sourceTree = "<group>";
		};
/* End PBXVariantGroup section */

/* Begin XCBuildConfiguration section */
		D2589C6C272ABA6B00E85637 /* Debug */ = {
			isa = XCBuildConfiguration;
			buildSettings = {
				ALWAYS_SEARCH_USER_PATHS = NO;
				CLANG_ANALYZER_NONNULL = YES;
				CLANG_ANALYZER_NUMBER_OBJECT_CONVERSION = YES_AGGRESSIVE;
				CLANG_CXX_LANGUAGE_STANDARD = "gnu++17";
				CLANG_CXX_LIBRARY = "libc++";
				CLANG_ENABLE_MODULES = YES;
				CLANG_ENABLE_OBJC_ARC = YES;
				CLANG_ENABLE_OBJC_WEAK = YES;
				CLANG_WARN_BLOCK_CAPTURE_AUTORELEASING = YES;
				CLANG_WARN_BOOL_CONVERSION = YES;
				CLANG_WARN_COMMA = YES;
				CLANG_WARN_CONSTANT_CONVERSION = YES;
				CLANG_WARN_DEPRECATED_OBJC_IMPLEMENTATIONS = YES;
				CLANG_WARN_DIRECT_OBJC_ISA_USAGE = YES_ERROR;
				CLANG_WARN_DOCUMENTATION_COMMENTS = YES;
				CLANG_WARN_EMPTY_BODY = YES;
				CLANG_WARN_ENUM_CONVERSION = YES;
				CLANG_WARN_INFINITE_RECURSION = YES;
				CLANG_WARN_INT_CONVERSION = YES;
				CLANG_WARN_NON_LITERAL_NULL_CONVERSION = YES;
				CLANG_WARN_OBJC_IMPLICIT_RETAIN_SELF = YES;
				CLANG_WARN_OBJC_LITERAL_CONVERSION = YES;
				CLANG_WARN_OBJC_ROOT_CLASS = YES_ERROR;
				CLANG_WARN_QUOTED_INCLUDE_IN_FRAMEWORK_HEADER = YES;
				CLANG_WARN_RANGE_LOOP_ANALYSIS = YES;
				CLANG_WARN_STRICT_PROTOTYPES = YES;
				CLANG_WARN_SUSPICIOUS_MOVE = YES;
				CLANG_WARN_UNGUARDED_AVAILABILITY = YES_AGGRESSIVE;
				CLANG_WARN_UNREACHABLE_CODE = YES;
				CLANG_WARN__DUPLICATE_METHOD_MATCH = YES;
				COPY_PHASE_STRIP = NO;
				DEBUG_INFORMATION_FORMAT = dwarf;
				ENABLE_STRICT_OBJC_MSGSEND = YES;
				ENABLE_TESTABILITY = YES;
				GCC_C_LANGUAGE_STANDARD = gnu11;
				GCC_DYNAMIC_NO_PIC = NO;
				GCC_NO_COMMON_BLOCKS = YES;
				GCC_OPTIMIZATION_LEVEL = 0;
				GCC_PREPROCESSOR_DEFINITIONS = (
					"DEBUG=1",
					"$(inherited)",
				);
				GCC_WARN_64_TO_32_BIT_CONVERSION = YES;
				GCC_WARN_ABOUT_RETURN_TYPE = YES_ERROR;
				GCC_WARN_UNDECLARED_SELECTOR = YES;
				GCC_WARN_UNINITIALIZED_AUTOS = YES_AGGRESSIVE;
				GCC_WARN_UNUSED_FUNCTION = YES;
				GCC_WARN_UNUSED_VARIABLE = YES;
				IPHONEOS_DEPLOYMENT_TARGET = 15.0;
				MTL_ENABLE_DEBUG_INFO = INCLUDE_SOURCE;
				MTL_FAST_MATH = YES;
				ONLY_ACTIVE_ARCH = YES;
				SDKROOT = iphoneos;
				SWIFT_ACTIVE_COMPILATION_CONDITIONS = DEBUG;
				SWIFT_OPTIMIZATION_LEVEL = "-Onone";
			};
			name = Debug;
		};
		D2589C6D272ABA6B00E85637 /* Release */ = {
			isa = XCBuildConfiguration;
			buildSettings = {
				ALWAYS_SEARCH_USER_PATHS = NO;
				CLANG_ANALYZER_NONNULL = YES;
				CLANG_ANALYZER_NUMBER_OBJECT_CONVERSION = YES_AGGRESSIVE;
				CLANG_CXX_LANGUAGE_STANDARD = "gnu++17";
				CLANG_CXX_LIBRARY = "libc++";
				CLANG_ENABLE_MODULES = YES;
				CLANG_ENABLE_OBJC_ARC = YES;
				CLANG_ENABLE_OBJC_WEAK = YES;
				CLANG_WARN_BLOCK_CAPTURE_AUTORELEASING = YES;
				CLANG_WARN_BOOL_CONVERSION = YES;
				CLANG_WARN_COMMA = YES;
				CLANG_WARN_CONSTANT_CONVERSION = YES;
				CLANG_WARN_DEPRECATED_OBJC_IMPLEMENTATIONS = YES;
				CLANG_WARN_DIRECT_OBJC_ISA_USAGE = YES_ERROR;
				CLANG_WARN_DOCUMENTATION_COMMENTS = YES;
				CLANG_WARN_EMPTY_BODY = YES;
				CLANG_WARN_ENUM_CONVERSION = YES;
				CLANG_WARN_INFINITE_RECURSION = YES;
				CLANG_WARN_INT_CONVERSION = YES;
				CLANG_WARN_NON_LITERAL_NULL_CONVERSION = YES;
				CLANG_WARN_OBJC_IMPLICIT_RETAIN_SELF = YES;
				CLANG_WARN_OBJC_LITERAL_CONVERSION = YES;
				CLANG_WARN_OBJC_ROOT_CLASS = YES_ERROR;
				CLANG_WARN_QUOTED_INCLUDE_IN_FRAMEWORK_HEADER = YES;
				CLANG_WARN_RANGE_LOOP_ANALYSIS = YES;
				CLANG_WARN_STRICT_PROTOTYPES = YES;
				CLANG_WARN_SUSPICIOUS_MOVE = YES;
				CLANG_WARN_UNGUARDED_AVAILABILITY = YES_AGGRESSIVE;
				CLANG_WARN_UNREACHABLE_CODE = YES;
				CLANG_WARN__DUPLICATE_METHOD_MATCH = YES;
				COPY_PHASE_STRIP = NO;
				DEBUG_INFORMATION_FORMAT = "dwarf-with-dsym";
				ENABLE_NS_ASSERTIONS = NO;
				ENABLE_STRICT_OBJC_MSGSEND = YES;
				GCC_C_LANGUAGE_STANDARD = gnu11;
				GCC_NO_COMMON_BLOCKS = YES;
				GCC_WARN_64_TO_32_BIT_CONVERSION = YES;
				GCC_WARN_ABOUT_RETURN_TYPE = YES_ERROR;
				GCC_WARN_UNDECLARED_SELECTOR = YES;
				GCC_WARN_UNINITIALIZED_AUTOS = YES_AGGRESSIVE;
				GCC_WARN_UNUSED_FUNCTION = YES;
				GCC_WARN_UNUSED_VARIABLE = YES;
				IPHONEOS_DEPLOYMENT_TARGET = 15.0;
				MTL_ENABLE_DEBUG_INFO = NO;
				MTL_FAST_MATH = YES;
				SDKROOT = iphoneos;
				SWIFT_COMPILATION_MODE = wholemodule;
				SWIFT_OPTIMIZATION_LEVEL = "-O";
				VALIDATE_PRODUCT = YES;
			};
			name = Release;
		};
		D2589C6F272ABA6B00E85637 /* Debug */ = {
			isa = XCBuildConfiguration;
			baseConfigurationReference = 25455A298781BF642E0123B9 /* Pods-Login_Naver_Example.debug.xcconfig */;
			buildSettings = {
				ASSETCATALOG_COMPILER_APPICON_NAME = AppIcon;
				ASSETCATALOG_COMPILER_GLOBAL_ACCENT_COLOR_NAME = AccentColor;
				CODE_SIGN_STYLE = Automatic;
				CURRENT_PROJECT_VERSION = 1;
				DEVELOPMENT_TEAM = L2HU44QQL5;
				GENERATE_INFOPLIST_FILE = YES;
				INFOPLIST_FILE = Login_Naver_Example/Info.plist;
				INFOPLIST_KEY_UIApplicationSupportsIndirectInputEvents = YES;
				INFOPLIST_KEY_UILaunchStoryboardName = LaunchScreen;
				INFOPLIST_KEY_UIMainStoryboardFile = Main;
				INFOPLIST_KEY_UISupportedInterfaceOrientations_iPad = "UIInterfaceOrientationPortrait UIInterfaceOrientationPortraitUpsideDown UIInterfaceOrientationLandscapeLeft UIInterfaceOrientationLandscapeRight";
				INFOPLIST_KEY_UISupportedInterfaceOrientations_iPhone = "UIInterfaceOrientationPortrait UIInterfaceOrientationLandscapeLeft UIInterfaceOrientationLandscapeRight";
				LD_RUNPATH_SEARCH_PATHS = (
					"$(inherited)",
					"@executable_path/Frameworks",
				);
				MARKETING_VERSION = 1.0;
				PRODUCT_BUNDLE_IDENTIFIER = "com.sg.Login-Naver-Example.Login-Naver-Example";
				PRODUCT_NAME = "$(TARGET_NAME)";
				SWIFT_EMIT_LOC_STRINGS = YES;
				SWIFT_VERSION = 5.0;
				TARGETED_DEVICE_FAMILY = "1,2";
			};
			name = Debug;
		};
		D2589C70272ABA6B00E85637 /* Release */ = {
			isa = XCBuildConfiguration;
			baseConfigurationReference = EFEBEAC0E74787192E6323D5 /* Pods-Login_Naver_Example.release.xcconfig */;
			buildSettings = {
				ASSETCATALOG_COMPILER_APPICON_NAME = AppIcon;
				ASSETCATALOG_COMPILER_GLOBAL_ACCENT_COLOR_NAME = AccentColor;
				CODE_SIGN_STYLE = Automatic;
				CURRENT_PROJECT_VERSION = 1;
				DEVELOPMENT_TEAM = L2HU44QQL5;
				GENERATE_INFOPLIST_FILE = YES;
				INFOPLIST_FILE = Login_Naver_Example/Info.plist;
				INFOPLIST_KEY_UIApplicationSupportsIndirectInputEvents = YES;
				INFOPLIST_KEY_UILaunchStoryboardName = LaunchScreen;
				INFOPLIST_KEY_UIMainStoryboardFile = Main;
				INFOPLIST_KEY_UISupportedInterfaceOrientations_iPad = "UIInterfaceOrientationPortrait UIInterfaceOrientationPortraitUpsideDown UIInterfaceOrientationLandscapeLeft UIInterfaceOrientationLandscapeRight";
				INFOPLIST_KEY_UISupportedInterfaceOrientations_iPhone = "UIInterfaceOrientationPortrait UIInterfaceOrientationLandscapeLeft UIInterfaceOrientationLandscapeRight";
				LD_RUNPATH_SEARCH_PATHS = (
					"$(inherited)",
					"@executable_path/Frameworks",
				);
				MARKETING_VERSION = 1.0;
				PRODUCT_BUNDLE_IDENTIFIER = "com.sg.Login-Naver-Example.Login-Naver-Example";
				PRODUCT_NAME = "$(TARGET_NAME)";
				SWIFT_EMIT_LOC_STRINGS = YES;
				SWIFT_VERSION = 5.0;
				TARGETED_DEVICE_FAMILY = "1,2";
			};
			name = Release;
		};
/* End XCBuildConfiguration section */

/* Begin XCConfigurationList section */
		D2589C55272ABA6A00E85637 /* Build configuration list for PBXProject "Login_Naver_Example" */ = {
			isa = XCConfigurationList;
			buildConfigurations = (
				D2589C6C272ABA6B00E85637 /* Debug */,
				D2589C6D272ABA6B00E85637 /* Release */,
			);
			defaultConfigurationIsVisible = 0;
			defaultConfigurationName = Release;
		};
		D2589C6E272ABA6B00E85637 /* Build configuration list for PBXNativeTarget "Login_Naver_Example" */ = {
			isa = XCConfigurationList;
			buildConfigurations = (
				D2589C6F272ABA6B00E85637 /* Debug */,
				D2589C70272ABA6B00E85637 /* Release */,
			);
			defaultConfigurationIsVisible = 0;
			defaultConfigurationName = Release;
		};
/* End XCConfigurationList section */
	};
	rootObject = D2589C52272ABA6A00E85637 /* Project object */;
}
